
Microsoft Visual Studio Solution File, Format Version 12.00
# Visual Studio 14
VisualStudioVersion = 14.0.25123.0
MinimumVisualStudioVersion = 10.0.40219.1
Project("{2150E333-8FDC-42A3-9474-1A3956D46DE8}") = "src", "src", "{C0A1CFAB-2D1D-4135-9360-08BEFC85124C}"
EndProject
Project("{2150E333-8FDC-42A3-9474-1A3956D46DE8}") = "Solution Items", "Solution Items", "{9E6AFBDD-9B56-4593-8CA4-D4C392CA68A9}"
	ProjectSection(SolutionItems) = preProject
		.cfignore = .cfignore
		.deployment = .deployment
		.gitattributes = .gitattributes
		.gitignore = .gitignore
		CONTRIBUTING.md = CONTRIBUTING.md
		LICENSE = LICENSE
		manifest.yml = manifest.yml
		NuGet.Config = NuGet.Config
		README.md = README.md
	EndProjectSection
EndProject
Project("{2150E333-8FDC-42A3-9474-1A3956D46DE8}") = "examples", "examples", "{4290C143-3080-4F29-B08B-5FF0683B17A3}"
	ProjectSection(SolutionItems) = preProject
		examples\vcap-local.json = examples\vcap-local.json
	EndProjectSection
EndProject
Project("{FAE04EC0-301F-11D3-BF4B-00C04F79EFBC}") = "WatsonServices", "src\WatsonServices\WatsonServices.csproj", "{257ABB19-34E1-4E53-B0A6-37F8B209E1F8}"
EndProject
Project("{FAE04EC0-301F-11D3-BF4B-00C04F79EFBC}") = "VisualRecognition", "src\VisualRecognition\VisualRecognition.csproj", "{A399BE84-BE27-41A3-BC18-C2032592762C}"
EndProject
Global
	GlobalSection(SolutionConfigurationPlatforms) = preSolution
		Debug|Any CPU = Debug|Any CPU
		Release|Any CPU = Release|Any CPU
	EndGlobalSection
	GlobalSection(ProjectConfigurationPlatforms) = postSolution
		{257ABB19-34E1-4E53-B0A6-37F8B209E1F8}.Debug|Any CPU.ActiveCfg = Debug|Any CPU
		{257ABB19-34E1-4E53-B0A6-37F8B209E1F8}.Debug|Any CPU.Build.0 = Debug|Any CPU
		{257ABB19-34E1-4E53-B0A6-37F8B209E1F8}.Release|Any CPU.ActiveCfg = Release|Any CPU
		{257ABB19-34E1-4E53-B0A6-37F8B209E1F8}.Release|Any CPU.Build.0 = Release|Any CPU
		{A399BE84-BE27-41A3-BC18-C2032592762C}.Debug|Any CPU.ActiveCfg = Debug|Any CPU
		{A399BE84-BE27-41A3-BC18-C2032592762C}.Debug|Any CPU.Build.0 = Debug|Any CPU
		{A399BE84-BE27-41A3-BC18-C2032592762C}.Release|Any CPU.ActiveCfg = Release|Any CPU
		{A399BE84-BE27-41A3-BC18-C2032592762C}.Release|Any CPU.Build.0 = Release|Any CPU
	EndGlobalSection
	GlobalSection(SolutionProperties) = preSolution
		HideSolutionNode = FALSE
	EndGlobalSection
	GlobalSection(NestedProjects) = preSolution
		{4290C143-3080-4F29-B08B-5FF0683B17A3} = {9E6AFBDD-9B56-4593-8CA4-D4C392CA68A9}
		{257ABB19-34E1-4E53-B0A6-37F8B209E1F8} = {C0A1CFAB-2D1D-4135-9360-08BEFC85124C}
		{A399BE84-BE27-41A3-BC18-C2032592762C} = {C0A1CFAB-2D1D-4135-9360-08BEFC85124C}
	EndGlobalSection
EndGlobal
